<?xml version="1.0" encoding="utf-8"?>
<Project ToolsVersion="4.0" xmlns="http://schemas.microsoft.com/developer/msbuild/2003">
  <ItemGroup>
    <Filter Include="Source Files">
      <UniqueIdentifier>{4FC737F1-C7A5-4376-A066-2A32D752A2FF}</UniqueIdentifier>
      <Extensions>cpp;c;cc;cxx;c++;def;odl;idl;hpj;bat;asm;asmx</Extensions>
    </Filter>
    <Filter Include="Header Files">
      <UniqueIdentifier>{93995380-89BD-4b04-88EB-625FBE52EBFB}</UniqueIdentifier>
      <Extensions>h;hh;hpp;hxx;h++;hm;inl;inc;ipp;xsd</Extensions>
    </Filter>
    <Filter Include="Resource Files">
      <UniqueIdentifier>{67DA6AB6-F800-4c08-8B7A-83BB121AAD01}</UniqueIdentifier>
      <Extensions>rc;ico;cur;bmp;dlg;rc2;rct;bin;rgs;gif;jpg;jpeg;jpe;resx;tiff;tif;png;wav;mfcribbon-ms</Extensions>
    </Filter>
    <Filter Include="Resource Files\CANIMAL">
      <UniqueIdentifier>{d69c48e4-e809-4fae-98c8-ac4ad4916188}</UniqueIdentifier>
    </Filter>
    <Filter Include="Resource Files\CDRAW">
      <UniqueIdentifier>{315267ff-0bde-4c40-8448-c43d6d091525}</UniqueIdentifier>
    </Filter>
    <Filter Include="Resource Files\Console">
      <UniqueIdentifier>{4518ccec-ca20-48bf-a578-1ac693cea223}</UniqueIdentifier>
    </Filter>
    <Filter Include="Resource Files\CVEHICLE">
      <UniqueIdentifier>{185456c4-f8d2-4cc6-bae8-e5e5a7dfe7dd}</UniqueIdentifier>
    </Filter>
    <Filter Include="Resource Files\CPEOPLE">
      <UniqueIdentifier>{ab7b76b0-888e-450c-bdba-352fd7bbd1ce}</UniqueIdentifier>
    </Filter>
    <Filter Include="Resource Files\CGAME">
      <UniqueIdentifier>{5b921a24-3f6f-4af5-a81f-b9861ea5ee1f}</UniqueIdentifier>
    </Filter>
    <Filter Include="Resource Files\Control">
      <UniqueIdentifier>{ab150634-bc8f-409a-9a30-87e7e9772341}</UniqueIdentifier>
    </Filter>
    <Filter Include="Resource Files\Menu">
      <UniqueIdentifier>{efe19a4f-9772-42df-8323-bd28289a5123}</UniqueIdentifier>
    </Filter>
  </ItemGroup>
  <ItemGroup>
    <ClCompile Include="main.cpp">
      <Filter>Source Files</Filter>
    </ClCompile>
    <ClCompile Include="CDRAW.cpp">
      <Filter>Resource Files\CDRAW</Filter>
    </ClCompile>
    <ClCompile Include="CAnimal.cpp">
      <Filter>Resource Files\CANIMAL</Filter>
    </ClCompile>
    <ClCompile Include="Console.cpp">
      <Filter>Resource Files\Console</Filter>
    </ClCompile>
    <ClCompile Include="CVEHICLE.cpp">
      <Filter>Resource Files\CVEHICLE</Filter>
    </ClCompile>
    <ClCompile Include="CGAME.cpp">
      <Filter>Resource Files\CGAME</Filter>
    </ClCompile>
    <ClCompile Include="Control.cpp">
      <Filter>Resource Files\Control</Filter>
    </ClCompile>
    <ClCompile Include="CPEOPLE.cpp">
      <Filter>Resource Files\CPEOPLE</Filter>
    </ClCompile>
  </ItemGroup>
  <ItemGroup>
    <ClInclude Include="CAnimal.h">
      <Filter>Resource Files\CANIMAL</Filter>
    </ClInclude>
    <ClInclude Include="CDRAW.h">
      <Filter>Resource Files\CDRAW</Filter>
    </ClInclude>
    <ClInclude Include="Console.h">
      <Filter>Resource Files\Console</Filter>
    </ClInclude>
    <ClInclude Include="CVEHICLE.h">
      <Filter>Resource Files\CVEHICLE</Filter>
    </ClInclude>
    <ClInclude Include="CGAME.h">
      <Filter>Resource Files\CGAME</Filter>
    </ClInclude>
    <ClInclude Include="Control.h">
      <Filter>Resource Files\Control</Filter>
    </ClInclude>
    <ClInclude Include="CPEOPLE.h">
      <Filter>Resource Files\CPEOPLE</Filter>
    </ClInclude>
    <ClInclude Include="Menu.h">
      <Filter>Resource Files\Menu</Filter>
    </ClInclude>
  </ItemGroup>
  <ItemGroup>
    <Text Include="StartGame.txt">
      <Filter>Source Files</Filter>
    </Text>
  </ItemGroup>
</Project>